
Microsoft Visual Studio Solution File, Format Version 12.00
# Visual Studio Version 16
VisualStudioVersion = 16.0.31729.503
MinimumVisualStudioVersion = 10.0.40219.1
Project("{8BC9CEB8-8B4A-11D0-8D11-00A0C91BC942}") = "TZ3", "TZ3\TZ3.vcxproj", "{EE69D78F-6A73-4843-81B1-26126A9452BC}"
EndProject
Global
	GlobalSection(SolutionConfigurationPlatforms) = preSolution
		Debug|x64 = Debug|x64
		Debug|x86 = Debug|x86
		Release|x64 = Release|x64
		Release|x86 = Release|x86
	EndGlobalSection
	GlobalSection(ProjectConfigurationPlatforms) = postSolution
		{EE69D78F-6A73-4843-81B1-26126A9452BC}.Debug|x64.ActiveCfg = Debug|x64
		{EE69D78F-6A73-4843-81B1-26126A9452BC}.Debug|x64.Build.0 = Debug|x64
		{EE69D78F-6A73-4843-81B1-26126A9452BC}.Debug|x86.ActiveCfg = Debug|Win32
		{EE69D78F-6A73-4843-81B1-26126A9452BC}.Debug|x86.Build.0 = Debug|Win32
		{EE69D78F-6A73-4843-81B1-26126A9452BC}.Release|x64.ActiveCfg = Release|x64
		{EE69D78F-6A73-4843-81B1-26126A9452BC}.Release|x64.Build.0 = Release|x64
		{EE69D78F-6A73-4843-81B1-26126A9452BC}.Release|x86.ActiveCfg = Release|Win32
		{EE69D78F-6A73-4843-81B1-26126A9452BC}.Release|x86.Build.0 = Release|Win32
	EndGlobalSection
	GlobalSection(SolutionProperties) = preSolution
		HideSolutionNode = FALSE
	EndGlobalSection
	GlobalSection(ExtensibilityGlobals) = postSolution
		SolutionGuid = {2A8A9C4E-4890-47BE-B1E4-5131842424E4}
	EndGlobalSection
EndGlobal
